{
  "name": "@nelts/process",
  "version": "1.1.7",
  "lockfileVersion": 1,
  "requires": true,
  "dependencies": {
    "@nelts/utils": {
      "version": "1.0.0",
      "resolved": "https://registry.npm.taobao.org/@nelts/utils/download/@nelts/utils-1.0.0.tgz",
      "integrity": "sha1-e5gu7RwcbZfKRLOm8/FDpR+ll7M=",
      "requires": {
        "@types/findup-sync": "^2.0.2",
        "@types/mime-types": "^2.1.0",
        "ajv": "^6.10.2",
        "findup-sync": "^4.0.0",
        "mime-types": "^2.1.24"
      }
    },
    "@types/braces": {
      "version": "3.0.0",
      "resolved": "https://registry.npm.taobao.org/@types/braces/download/@types/braces-3.0.0.tgz",
      "integrity": "sha1-faHA1E/xx+tmCjbsB46mG6frQss="
    },
    "@types/findup-sync": {
      "version": "2.0.2",
      "resolved": "https://registry.npm.taobao.org/@types/findup-sync/download/@types/findup-sync-2.0.2.tgz",
      "integrity": "sha1-P/9ucri77CWMZCCKjWTIYf7GPqc=",
      "requires": {
        "@types/micromatch": "*"
      }
    },
    "@types/micromatch": {
      "version": "3.1.0",
      "resolved": "https://registry.npm.taobao.org/@types/micromatch/download/@types/micromatch-3.1.0.tgz",
      "integrity": "sha1-UUyKPSSyaAqbg47rgObX1yRUVDM=",
      "requires": {
        "@types/braces": "*"
      }
    },
    "@types/mime-types": {
      "version": "2.1.0",
      "resolved": "https://registry.npm.taobao.org/@types/mime-types/download/@types/mime-types-2.1.0.tgz",
      "integrity": "sha1-nKUs2jY/aZxpRmwqbM2q2RPqenM="
    },
    "@types/minimist": {
      "version": "1.2.0",
      "resolved": "https://registry.npm.taobao.org/@types/minimist/download/@types/minimist-1.2.0.tgz",
      "integrity": "sha1-aaI6OtKcrwCX8G7aWbNh7i8GOfY="
    },
    "@types/node": {
      "version": "12.0.8",
      "resolved": "https://registry.npm.taobao.org/@types/node/download/@types/node-12.0.8.tgz",
      "integrity": "sha1-VRRmvhGyrcPz1HFWdY9hC9n2sdg="
    },
    "ajv": {
      "version": "6.10.2",
      "resolved": "https://registry.npm.taobao.org/ajv/download/ajv-6.10.2.tgz",
      "integrity": "sha1-086gTWsBeyiUrWkED+yLYj60vVI=",
      "requires": {
        "fast-deep-equal": "^2.0.1",
        "fast-json-stable-stringify": "^2.0.0",
        "json-schema-traverse": "^0.4.1",
        "uri-js": "^4.2.2"
      }
    },
    "async": {
      "version": "2.6.2",
      "resolved": "https://registry.npm.taobao.org/async/download/async-2.6.2.tgz",
      "integrity": "sha1-GDMOp+bjE4h/XS8qkEusb+TdU4E=",
      "requires": {
        "lodash": "^4.17.11"
      }
    },
    "braces": {
      "version": "3.0.2",
      "resolved": "https://registry.npm.taobao.org/braces/download/braces-3.0.2.tgz",
      "integrity": "sha1-NFThpGLujVmeI23zNs2epPiv4Qc=",
      "requires": {
        "fill-range": "^7.0.1"
      }
    },
    "date-format": {
      "version": "2.0.0",
      "resolved": "https://registry.npm.taobao.org/date-format/download/date-format-2.0.0.tgz",
      "integrity": "sha1-fPexcvHsVk8AA7OeowLFSY+5jI8="
    },
    "debug": {
      "version": "4.1.1",
      "resolved": "https://registry.npm.taobao.org/debug/download/debug-4.1.1.tgz",
      "integrity": "sha1-O3ImAlUQnGtYnO4FDx1RYTlmR5E=",
      "requires": {
        "ms": "^2.1.1"
      }
    },
    "detect-file": {
      "version": "1.0.0",
      "resolved": "https://registry.npm.taobao.org/detect-file/download/detect-file-1.0.0.tgz",
      "integrity": "sha1-8NZtA2cqglyxtzvbP+YjEMjlUrc="
    },
    "expand-tilde": {
      "version": "2.0.2",
      "resolved": "https://registry.npm.taobao.org/expand-tilde/download/expand-tilde-2.0.2.tgz",
      "integrity": "sha1-l+gBqgUt8CRU3kawK/YhZCzchQI=",
      "requires": {
        "homedir-polyfill": "^1.0.1"
      }
    },
    "fast-deep-equal": {
      "version": "2.0.1",
      "resolved": "https://registry.npm.taobao.org/fast-deep-equal/download/fast-deep-equal-2.0.1.tgz",
      "integrity": "sha1-ewUhjd+WZ79/Nwv3/bLLFf3Qqkk="
    },
    "fast-json-stable-stringify": {
      "version": "2.0.0",
      "resolved": "https://registry.npm.taobao.org/fast-json-stable-stringify/download/fast-json-stable-stringify-2.0.0.tgz",
      "integrity": "sha1-1RQsDK7msRifh9OnYREGT4bIu/I="
    },
    "fill-range": {
      "version": "7.0.1",
      "resolved": "https://registry.npm.taobao.org/fill-range/download/fill-range-7.0.1.tgz",
      "integrity": "sha1-GRmmp8df44ssfHflGYU12prN2kA=",
      "requires": {
        "to-regex-range": "^5.0.1"
      }
    },
    "findup-sync": {
      "version": "4.0.0",
      "resolved": "https://registry.npm.taobao.org/findup-sync/download/findup-sync-4.0.0.tgz",
      "integrity": "sha1-lWyc3egEBSuIG0KFEpBcSl8s3vA=",
      "requires": {
        "detect-file": "^1.0.0",
        "is-glob": "^4.0.0",
        "micromatch": "^4.0.2",
        "resolve-dir": "^1.0.1"
      }
    },
    "flatted": {
      "version": "2.0.1",
      "resolved": "https://registry.npm.taobao.org/flatted/download/flatted-2.0.1.tgz",
      "integrity": "sha1-aeV8qo8OrLwoHS4stFjUb9tEngg="
    },
    "fs-extra": {
      "version": "7.0.1",
      "resolved": "https://registry.npm.taobao.org/fs-extra/download/fs-extra-7.0.1.tgz",
      "integrity": "sha1-TxicRKoSO4lfcigE9V6iPq3DSOk=",
      "requires": {
        "graceful-fs": "^4.1.2",
        "jsonfile": "^4.0.0",
        "universalify": "^0.1.0"
      }
    },
    "global-modules": {
      "version": "1.0.0",
      "resolved": "https://registry.npm.taobao.org/global-modules/download/global-modules-1.0.0.tgz",
      "integrity": "sha1-bXcPDrUjrHgWTXK15xqIdyZcw+o=",
      "requires": {
        "global-prefix": "^1.0.1",
        "is-windows": "^1.0.1",
        "resolve-dir": "^1.0.0"
      }
    },
    "global-prefix": {
      "version": "1.0.2",
      "resolved": "https://registry.npm.taobao.org/global-prefix/download/global-prefix-1.0.2.tgz",
      "integrity": "sha1-2/dDxsFJklk8ZVVoy2btMsASLr4=",
      "requires": {
        "expand-tilde": "^2.0.2",
        "homedir-polyfill": "^1.0.1",
        "ini": "^1.3.4",
        "is-windows": "^1.0.1",
        "which": "^1.2.14"
      }
    },
    "graceful-fs": {
      "version": "4.2.0",
      "resolved": "https://registry.npm.taobao.org/graceful-fs/download/graceful-fs-4.2.0.tgz",
      "integrity": "sha1-jY/cc5d8sEEEchy1NmbBymTNMos="
    },
    "homedir-polyfill": {
      "version": "1.0.3",
      "resolved": "https://registry.npm.taobao.org/homedir-polyfill/download/homedir-polyfill-1.0.3.tgz",
      "integrity": "sha1-dDKYzvTlrz4ZQWH7rcwhUdOgWOg=",
      "requires": {
        "parse-passwd": "^1.0.0"
      }
    },
    "ini": {
      "version": "1.3.5",
      "resolved": "https://registry.npm.taobao.org/ini/download/ini-1.3.5.tgz",
      "integrity": "sha1-7uJfVtscnsYIXgwid4CD9Zar+Sc="
    },
    "is-extglob": {
      "version": "2.1.1",
      "resolved": "https://registry.npm.taobao.org/is-extglob/download/is-extglob-2.1.1.tgz",
      "integrity": "sha1-qIwCU1eR8C7TfHahueqXc8gz+MI="
    },
    "is-glob": {
      "version": "4.0.1",
      "resolved": "https://registry.npm.taobao.org/is-glob/download/is-glob-4.0.1.tgz",
      "integrity": "sha1-dWfb6fL14kZ7x3q4PEopSCQHpdw=",
      "requires": {
        "is-extglob": "^2.1.1"
      }
    },
    "is-number": {
      "version": "7.0.0",
      "resolved": "https://registry.npm.taobao.org/is-number/download/is-number-7.0.0.tgz",
      "integrity": "sha1-dTU0W4lnNNX4DE0GxQlVUnoU8Ss="
    },
    "is-windows": {
      "version": "1.0.2",
      "resolved": "https://registry.npm.taobao.org/is-windows/download/is-windows-1.0.2.tgz",
      "integrity": "sha1-0YUOuXkezRjmGCzhKjDzlmNLsZ0="
    },
    "isexe": {
      "version": "2.0.0",
      "resolved": "https://registry.npm.taobao.org/isexe/download/isexe-2.0.0.tgz",
      "integrity": "sha1-6PvzdNxVb/iUehDcsFctYz8s+hA="
    },
    "json-schema-traverse": {
      "version": "0.4.1",
      "resolved": "https://registry.npm.taobao.org/json-schema-traverse/download/json-schema-traverse-0.4.1.tgz",
      "integrity": "sha1-afaofZUTq4u4/mO9sJecRI5oRmA="
    },
    "jsonfile": {
      "version": "4.0.0",
      "resolved": "https://registry.npm.taobao.org/jsonfile/download/jsonfile-4.0.0.tgz",
      "integrity": "sha1-h3Gq4HmbZAdrdmQPygWPnBDjPss=",
      "requires": {
        "graceful-fs": "^4.1.6"
      }
    },
    "lodash": {
      "version": "4.17.14",
      "resolved": "https://registry.npm.taobao.org/lodash/download/lodash-4.17.14.tgz",
      "integrity": "sha1-nOSHrmbJYlT+ILWZ8htoFgKAeLo="
    },
    "log4js": {
      "version": "4.5.0",
      "resolved": "https://registry.npm.taobao.org/log4js/download/log4js-4.5.0.tgz",
      "integrity": "sha1-Idtb7XZy/EeE94ziTAp3GkXhdpA=",
      "requires": {
        "date-format": "^2.0.0",
        "debug": "^4.1.1",
        "flatted": "^2.0.0",
        "rfdc": "^1.1.4",
        "streamroller": "^1.0.5"
      }
    },
    "micromatch": {
      "version": "4.0.2",
      "resolved": "https://registry.npm.taobao.org/micromatch/download/micromatch-4.0.2.tgz",
      "integrity": "sha1-T8sJmb+fvC/L3SEvbWKbmlbDklk=",
      "requires": {
        "braces": "^3.0.1",
        "picomatch": "^2.0.5"
      }
    },
    "mime-db": {
      "version": "1.40.0",
      "resolved": "https://registry.npm.taobao.org/mime-db/download/mime-db-1.40.0.tgz",
      "integrity": "sha1-plBX6ZjbCQ9zKmj2wnbTh9QSbDI="
    },
    "mime-types": {
      "version": "2.1.24",
      "resolved": "https://registry.npm.taobao.org/mime-types/download/mime-types-2.1.24.tgz",
      "integrity": "sha1-tvjQs+lR77d97eyhlM/20W9nb4E=",
      "requires": {
        "mime-db": "1.40.0"
      }
    },
    "minimist": {
      "version": "1.2.0",
      "resolved": "https://registry.npm.taobao.org/minimist/download/minimist-1.2.0.tgz",
      "integrity": "sha1-o1AIsg9BOD7sH7kU9M1d95omQoQ="
    },
    "ms": {
      "version": "2.1.2",
      "resolved": "https://registry.npm.taobao.org/ms/download/ms-2.1.2.tgz",
      "integrity": "sha1-0J0fNXtEP0kzgqjrPM0YOHKuYAk="
    },
    "parse-passwd": {
      "version": "1.0.0",
      "resolved": "https://registry.npm.taobao.org/parse-passwd/download/parse-passwd-1.0.0.tgz",
      "integrity": "sha1-bVuTSkVpk7I9N/QKOC1vFmao5cY="
    },
    "picomatch": {
      "version": "2.0.7",
      "resolved": "https://registry.npm.taobao.org/picomatch/download/picomatch-2.0.7.tgz",
      "integrity": "sha1-UUFp2MfNC9vuzIomCeNKcWPeafY="
    },
    "punycode": {
      "version": "2.1.1",
      "resolved": "https://registry.npm.taobao.org/punycode/download/punycode-2.1.1.tgz",
      "integrity": "sha1-tYsBCsQMIsVldhbI0sLALHv0eew="
    },
    "resolve-dir": {
      "version": "1.0.1",
      "resolved": "https://registry.npm.taobao.org/resolve-dir/download/resolve-dir-1.0.1.tgz",
      "integrity": "sha1-eaQGRMNivoLybv/nOcm7U4IEb0M=",
      "requires": {
        "expand-tilde": "^2.0.0",
        "global-modules": "^1.0.0"
      }
    },
    "rfdc": {
      "version": "1.1.4",
      "resolved": "https://registry.npm.taobao.org/rfdc/download/rfdc-1.1.4.tgz",
      "integrity": "sha1-unLME2egzNnPgahws7WL060H+MI="
    },
    "streamroller": {
      "version": "1.0.6",
      "resolved": "https://registry.npm.taobao.org/streamroller/download/streamroller-1.0.6.tgz",
      "integrity": "sha1-gWfYSW7Z8Z8F7ksVjZYRMhuMrNk=",
      "requires": {
        "async": "^2.6.2",
        "date-format": "^2.0.0",
        "debug": "^3.2.6",
        "fs-extra": "^7.0.1",
        "lodash": "^4.17.14"
      },
      "dependencies": {
        "debug": {
          "version": "3.2.6",
          "resolved": "https://registry.npm.taobao.org/debug/download/debug-3.2.6.tgz",
          "integrity": "sha1-6D0X3hbYp++3cX7b5fsQE17uYps=",
          "requires": {
            "ms": "^2.1.1"
          }
        }
      }
    },
    "to-regex-range": {
      "version": "5.0.1",
      "resolved": "https://registry.npm.taobao.org/to-regex-range/download/to-regex-range-5.0.1.tgz",
      "integrity": "sha1-FkjESq58jZiKMmAY7XL1tN0DkuQ=",
      "requires": {
        "is-number": "^7.0.0"
      }
    },
    "universalify": {
      "version": "0.1.2",
      "resolved": "https://registry.npm.taobao.org/universalify/download/universalify-0.1.2.tgz",
      "integrity": "sha1-tkb2m+OULavOzJ1mOcgNwQXvqmY="
    },
    "uri-js": {
      "version": "4.2.2",
      "resolved": "https://registry.npm.taobao.org/uri-js/download/uri-js-4.2.2.tgz",
      "integrity": "sha1-lMVA4f93KVbiKZUHwBCupsiDjrA=",
      "requires": {
        "punycode": "^2.1.0"
      }
    },
    "which": {
      "version": "1.3.1",
      "resolved": "https://registry.npm.taobao.org/which/download/which-1.3.1.tgz",
      "integrity": "sha1-pFBD1U9YBTFtqNYvn1CRjT2nCwo=",
      "requires": {
        "isexe": "^2.0.0"
      }
    }
  }
}
